
Microsoft Visual Studio Solution File, Format Version 12.00
# Visual Studio Version 17
VisualStudioVersion = 17.14.36327.8 d17.14
MinimumVisualStudioVersion = 10.0.40219.1
Project("{FAE04EC0-301F-11D3-BF4B-00C04F79EFBC}") = "Demo", "Demo\Demo.csproj", "{92D18435-2151-4C3D-B5FF-40C2043E1E77}"
EndProject
Global
	GlobalSection(SolutionConfigurationPlatforms) = preSolution
		Debug|Any CPU = Debug|Any CPU
		Release|Any CPU = Release|Any CPU
	EndGlobalSection
	GlobalSection(ProjectConfigurationPlatforms) = postSolution
		{92D18435-2151-4C3D-B5FF-40C2043E1E77}.Debug|Any CPU.ActiveCfg = Debug|Any CPU
		{92D18435-2151-4C3D-B5FF-40C2043E1E77}.Debug|Any CPU.Build.0 = Debug|Any CPU
		{92D18435-2151-4C3D-B5FF-40C2043E1E77}.Release|Any CPU.ActiveCfg = Release|Any CPU
		{92D18435-2151-4C3D-B5FF-40C2043E1E77}.Release|Any CPU.Build.0 = Release|Any CPU
	EndGlobalSection
	GlobalSection(SolutionProperties) = preSolution
		HideSolutionNode = FALSE
	EndGlobalSection
	GlobalSection(ExtensibilityGlobals) = postSolution
		SolutionGuid = {180955FC-959D-4550-8347-98810123ED74}
	EndGlobalSection
EndGlobal
